
Microsoft Visual Studio Solution File, Format Version 11.00
# Visual Studio 2010
Project("{159641D6-6404-4A2A-AE62-294DE0FE8301}") = "Chapter13", "Chapter13\Chapter13.dtproj", "{150D2733-6504-4430-955A-000B00A0ED5A}"
EndProject
Global
	GlobalSection(SolutionConfigurationPlatforms) = preSolution
		Development|Default = Development|Default
	EndGlobalSection
	GlobalSection(ProjectConfigurationPlatforms) = postSolution
		{150D2733-6504-4430-955A-000B00A0ED5A}.Development|Default.ActiveCfg = Development
		{150D2733-6504-4430-955A-000B00A0ED5A}.Development|Default.Build.0 = Development
	EndGlobalSection
	GlobalSection(SolutionProperties) = preSolution
		HideSolutionNode = FALSE
	EndGlobalSection
EndGlobal
