
Microsoft Visual Studio Solution File, Format Version 11.00
# Visual Studio 2010
Project("{159641D6-6404-4A2A-AE62-294DE0FE8301}") = "ConfigurationChapter", "ConfigurationChapter.dtproj", "{18A9FCD7-A981-4B79-97A6-D528679B7C41}"
EndProject
Global
	GlobalSection(SolutionConfigurationPlatforms) = preSolution
		Development|Default = Development|Default
	EndGlobalSection
	GlobalSection(ProjectConfigurationPlatforms) = postSolution
		{18A9FCD7-A981-4B79-97A6-D528679B7C41}.Development|Default.ActiveCfg = Development
		{18A9FCD7-A981-4B79-97A6-D528679B7C41}.Development|Default.Build.0 = Development
	EndGlobalSection
	GlobalSection(SolutionProperties) = preSolution
		HideSolutionNode = FALSE
	EndGlobalSection
EndGlobal
