
Microsoft Visual Studio Solution File, Format Version 11.00
# Visual Studio 2010
Project("{FAE04EC0-301F-11D3-BF4B-00C04F79EFBC}") = "MomDeployment", "MomDeployment.csproj", "{5830E3DA-3BB3-4DB3-85A5-A53B81F2AD02}"
EndProject
Global
	GlobalSection(SolutionConfigurationPlatforms) = preSolution
		Debug|x86 = Debug|x86
		Release|x86 = Release|x86
	EndGlobalSection
	GlobalSection(ProjectConfigurationPlatforms) = postSolution
		{5830E3DA-3BB3-4DB3-85A5-A53B81F2AD02}.Debug|x86.ActiveCfg = Debug|x86
		{5830E3DA-3BB3-4DB3-85A5-A53B81F2AD02}.Debug|x86.Build.0 = Debug|x86
		{5830E3DA-3BB3-4DB3-85A5-A53B81F2AD02}.Release|x86.ActiveCfg = Release|x86
		{5830E3DA-3BB3-4DB3-85A5-A53B81F2AD02}.Release|x86.Build.0 = Release|x86
	EndGlobalSection
	GlobalSection(SolutionProperties) = preSolution
		HideSolutionNode = FALSE
	EndGlobalSection
EndGlobal
