
Microsoft Visual Studio Solution File, Format Version 11.00
# Visual Studio 2010
Project("{159641D6-6404-4A2A-AE62-294DE0FE8301}") = "DesignPatterns", "DesignPatterns\DesignPatterns.dtproj", "{3B2DEA03-D529-4624-BA8E-E8BB6486CF0B}"
EndProject
Global
	GlobalSection(SolutionConfigurationPlatforms) = preSolution
		Development|Default = Development|Default
	EndGlobalSection
	GlobalSection(ProjectConfigurationPlatforms) = postSolution
		{3B2DEA03-D529-4624-BA8E-E8BB6486CF0B}.Development|Default.ActiveCfg = Development
		{3B2DEA03-D529-4624-BA8E-E8BB6486CF0B}.Development|Default.Build.0 = Development
	EndGlobalSection
	GlobalSection(SolutionProperties) = preSolution
		HideSolutionNode = FALSE
	EndGlobalSection
EndGlobal
